
Microsoft Visual Studio Solution File, Format Version 12.00
# Visual Studio Version 17
VisualStudioVersion = 17.11.35327.3
MinimumVisualStudioVersion = 10.0.40219.1
Project("{9A19103F-16F7-4668-BE54-9A1E7A4F7556}") = "Pos", "Pos.csproj", "{3C10DE6F-FEEB-4AC3-A404-EA389B03CADC}"
EndProject
Global
	GlobalSection(SolutionConfigurationPlatforms) = preSolution
		Debug|Any CPU = Debug|Any CPU
		Release|Any CPU = Release|Any CPU
	EndGlobalSection
	GlobalSection(ProjectConfigurationPlatforms) = postSolution
		{3C10DE6F-FEEB-4AC3-A404-EA389B03CADC}.Debug|Any CPU.ActiveCfg = Debug|Any CPU
		{3C10DE6F-FEEB-4AC3-A404-EA389B03CADC}.Debug|Any CPU.Build.0 = Debug|Any CPU
		{3C10DE6F-FEEB-4AC3-A404-EA389B03CADC}.Release|Any CPU.ActiveCfg = Release|Any CPU
		{3C10DE6F-FEEB-4AC3-A404-EA389B03CADC}.Release|Any CPU.Build.0 = Release|Any CPU
	EndGlobalSection
	GlobalSection(SolutionProperties) = preSolution
		HideSolutionNode = FALSE
	EndGlobalSection
	GlobalSection(ExtensibilityGlobals) = postSolution
		SolutionGuid = {585A25B6-BBFA-4219-A901-88453F78E200}
	EndGlobalSection
EndGlobal
